// !$*UTF8*$!
{
	archiveVersion = 1;
	classes = {
	};
	objectVersion = 56;
	objects = {

/* Begin PBXBuildFile section */
		CC7319892C9C0468009158EC /* MovieBoxApp.swift in Sources */ = {isa = PBXBuildFile; fileRef = CC7319882C9C0468009158EC /* MovieBoxApp.swift */; };
		CC73198D2C9C0469009158EC /* Assets.xcassets in Resources */ = {isa = PBXBuildFile; fileRef = CC73198C2C9C0469009158EC /* Assets.xcassets */; };
		CC7319902C9C0469009158EC /* Preview Assets.xcassets in Resources */ = {isa = PBXBuildFile; fileRef = CC73198F2C9C0469009158EC /* Preview Assets.xcassets */; };
		CC7319972C9C0481009158EC /* API.swift in Sources */ = {isa = PBXBuildFile; fileRef = CC7319962C9C0481009158EC /* API.swift */; };
		CC73199A2C9C0611009158EC /* RealmSwift in Frameworks */ = {isa = PBXBuildFile; productRef = CC7319992C9C0611009158EC /* RealmSwift */; };
		CC73199D2C9C07FB009158EC /* ShuffleIt in Frameworks */ = {isa = PBXBuildFile; productRef = CC73199C2C9C07FB009158EC /* ShuffleIt */; };
		CC7319A02C9C0843009158EC /* Moya in Frameworks */ = {isa = PBXBuildFile; productRef = CC73199F2C9C0843009158EC /* Moya */; };
		CC7319A32C9C08CB009158EC /* NukeUI in Frameworks */ = {isa = PBXBuildFile; productRef = CC7319A22C9C08CB009158EC /* NukeUI */; };
		CC7319A62C9C09C7009158EC /* SkeletonUI in Frameworks */ = {isa = PBXBuildFile; productRef = CC7319A52C9C09C7009158EC /* SkeletonUI */; };
		CC7319A92C9C09DA009158EC /* YouTubePlayerKit in Frameworks */ = {isa = PBXBuildFile; productRef = CC7319A82C9C09DA009158EC /* YouTubePlayerKit */; };
		CC7319B02C9C0B94009158EC /* Swinject in Frameworks */ = {isa = PBXBuildFile; productRef = CC7319AF2C9C0B94009158EC /* Swinject */; };
		CC7319B52C9C4AE8009158EC /* BoxOfficeDTO.swift in Sources */ = {isa = PBXBuildFile; fileRef = CC7319B42C9C4AE8009158EC /* BoxOfficeDTO.swift */; };
		CC7319B92C9C5173009158EC /* DailyBoxOffice.swift in Sources */ = {isa = PBXBuildFile; fileRef = CC7319B82C9C5173009158EC /* DailyBoxOffice.swift */; };
		CC7319BB2C9D4445009158EC /* MoviePoster.swift in Sources */ = {isa = PBXBuildFile; fileRef = CC7319BA2C9D4445009158EC /* MoviePoster.swift */; };
		CC7319BD2C9D4C2F009158EC /* MovieSearchResultDTO+Mapping.swift in Sources */ = {isa = PBXBuildFile; fileRef = CC7319BC2C9D4C2F009158EC /* MovieSearchResultDTO+Mapping.swift */; };
		CC7319BF2C9D539D009158EC /* MovieContent.swift in Sources */ = {isa = PBXBuildFile; fileRef = CC7319BE2C9D539D009158EC /* MovieContent.swift */; };
		CC7319C92C9D60AD009158EC /* CountryMapper.swift in Sources */ = {isa = PBXBuildFile; fileRef = CC7319C82C9D60AD009158EC /* CountryMapper.swift */; };
		CC7319CC2C9D63E2009158EC /* MovieDetailDTO+Mapping.swift in Sources */ = {isa = PBXBuildFile; fileRef = CC7319CB2C9D63E2009158EC /* MovieDetailDTO+Mapping.swift */; };
		CC7319CE2C9D6A65009158EC /* CreditDTO+Mapping.swift in Sources */ = {isa = PBXBuildFile; fileRef = CC7319CD2C9D6A65009158EC /* CreditDTO+Mapping.swift */; };
		CC7319D02C9D7674009158EC /* MovieGalleryDTO+Mapping.swift in Sources */ = {isa = PBXBuildFile; fileRef = CC7319CF2C9D7674009158EC /* MovieGalleryDTO+Mapping.swift */; };
		CC7319D42C9D9221009158EC /* MovieVideoDTO+Mapping.swift in Sources */ = {isa = PBXBuildFile; fileRef = CC7319D32C9D9221009158EC /* MovieVideoDTO+Mapping.swift */; };
		CC7319D62C9D9EDF009158EC /* SimilarMovieDTO+Mapping.swift in Sources */ = {isa = PBXBuildFile; fileRef = CC7319D52C9D9EDF009158EC /* SimilarMovieDTO+Mapping.swift */; };
		CC7319D82C9D9FF3009158EC /* MovieSearchResult.swift in Sources */ = {isa = PBXBuildFile; fileRef = CC7319D72C9D9FF3009158EC /* MovieSearchResult.swift */; };
		CC7319DA2C9DA07A009158EC /* RecommendationMovieDTO+Mapping.swift in Sources */ = {isa = PBXBuildFile; fileRef = CC7319D92C9DA07A009158EC /* RecommendationMovieDTO+Mapping.swift */; };
		CC7319DC2C9DA2D7009158EC /* MoviePosterDTO+Mapping.swift in Sources */ = {isa = PBXBuildFile; fileRef = CC7319DB2C9DA2D7009158EC /* MoviePosterDTO+Mapping.swift */; };
		CC7319DE2C9DA5A8009158EC /* WeeklyTrendMovieDTO+Mapping.swift in Sources */ = {isa = PBXBuildFile; fileRef = CC7319DD2C9DA5A8009158EC /* WeeklyTrendMovieDTO+Mapping.swift */; };
		CC7319E02C9DA608009158EC /* WeeklyTrendMovieGallery.swift in Sources */ = {isa = PBXBuildFile; fileRef = CC7319DF2C9DA608009158EC /* WeeklyTrendMovieGallery.swift */; };
		CC7319E32C9E8576009158EC /* DailyBoxOfficeGalleryMapper.swift in Sources */ = {isa = PBXBuildFile; fileRef = CC7319E22C9E8576009158EC /* DailyBoxOfficeGalleryMapper.swift */; };
		CC7319E82C9E8F14009158EC /* TMDBRequest.swift in Sources */ = {isa = PBXBuildFile; fileRef = CC7319E72C9E8F14009158EC /* TMDBRequest.swift */; };
		CC7319EA2C9E95B3009158EC /* KobisRequest.swift in Sources */ = {isa = PBXBuildFile; fileRef = CC7319E92C9E95B3009158EC /* KobisRequest.swift */; };
		CC7319EE2C9E9774009158EC /* DateFormatManager.swift in Sources */ = {isa = PBXBuildFile; fileRef = CC7319ED2C9E9774009158EC /* DateFormatManager.swift */; };
		CC7319F12C9E9A7E009158EC /* MovieListRepository.swift in Sources */ = {isa = PBXBuildFile; fileRef = CC7319F02C9E9A7E009158EC /* MovieListRepository.swift */; };
		CC7319F32C9ED1C4009158EC /* DefaultMovieContentRepository.swift in Sources */ = {isa = PBXBuildFile; fileRef = CC7319F22C9ED1C4009158EC /* DefaultMovieContentRepository.swift */; };
		CC7319F52C9ED27B009158EC /* MovieContentRepository.swift in Sources */ = {isa = PBXBuildFile; fileRef = CC7319F42C9ED27B009158EC /* MovieContentRepository.swift */; };
		CC7319F82C9EEC25009158EC /* Moya+Extension.swift in Sources */ = {isa = PBXBuildFile; fileRef = CC7319F72C9EEC25009158EC /* Moya+Extension.swift */; };
		CC7319FB2C9F2362009158EC /* MovieContentDataSource.swift in Sources */ = {isa = PBXBuildFile; fileRef = CC7319FA2C9F2362009158EC /* MovieContentDataSource.swift */; };
		CC7319FD2C9F3C23009158EC /* DefaultMovieListRepository.swift in Sources */ = {isa = PBXBuildFile; fileRef = CC7319FC2C9F3C23009158EC /* DefaultMovieListRepository.swift */; };
		CC7319FF2C9F3CFD009158EC /* MovieListDataSource.swift in Sources */ = {isa = PBXBuildFile; fileRef = CC7319FE2C9F3CFD009158EC /* MovieListDataSource.swift */; };
		CC731A022CA037AF009158EC /* MovieListUseCase.swift in Sources */ = {isa = PBXBuildFile; fileRef = CC731A012CA037AF009158EC /* MovieListUseCase.swift */; };
		CC92217E2CA5894300C74F95 /* MovieBoxDataSource.swift in Sources */ = {isa = PBXBuildFile; fileRef = CC92217D2CA5894300C74F95 /* MovieBoxDataSource.swift */; };
		CC9221822CA58A7E00C74F95 /* MovieCardDTO.swift in Sources */ = {isa = PBXBuildFile; fileRef = CC9221812CA58A7E00C74F95 /* MovieCardDTO.swift */; };
		CC9221862CA5B24E00C74F95 /* MovieBoxRepository.swift in Sources */ = {isa = PBXBuildFile; fileRef = CC9221852CA5B24E00C74F95 /* MovieBoxRepository.swift */; };
		CC9221882CA5B3AF00C74F95 /* DefaultMovieBoxRepository.swift in Sources */ = {isa = PBXBuildFile; fileRef = CC9221872CA5B3AF00C74F95 /* DefaultMovieBoxRepository.swift */; };
		CC92218A2CA67B0100C74F95 /* MakeMovieCardView.swift in Sources */ = {isa = PBXBuildFile; fileRef = CC9221892CA67B0100C74F95 /* MakeMovieCardView.swift */; };
		CC92218D2CA67E5800C74F95 /* StarView.swift in Sources */ = {isa = PBXBuildFile; fileRef = CC92218C2CA67E5800C74F95 /* StarView.swift */; };
		CC9221902CA67E8000C74F95 /* Cosmos in Frameworks */ = {isa = PBXBuildFile; productRef = CC92218F2CA67E8000C74F95 /* Cosmos */; };
		CC9221922CA69BEA00C74F95 /* MakeMovieCardViewModel.swift in Sources */ = {isa = PBXBuildFile; fileRef = CC9221912CA69BEA00C74F95 /* MakeMovieCardViewModel.swift */; };
		CC9221942CA69CBF00C74F95 /* MovieCard.swift in Sources */ = {isa = PBXBuildFile; fileRef = CC9221932CA69CBF00C74F95 /* MovieCard.swift */; };
		CC9221962CA6E7E500C74F95 /* ImageLoadManager.swift in Sources */ = {isa = PBXBuildFile; fileRef = CC9221952CA6E7E500C74F95 /* ImageLoadManager.swift */; };
		CC9221992CA7BC4D00C74F95 /* MovieCardFrontView.swift in Sources */ = {isa = PBXBuildFile; fileRef = CC9221982CA7BC4D00C74F95 /* MovieCardFrontView.swift */; };
		CC92219D2CA8132200C74F95 /* MovieBoxView.swift in Sources */ = {isa = PBXBuildFile; fileRef = CC92219C2CA8132200C74F95 /* MovieBoxView.swift */; };
		CC9221A02CA8133100C74F95 /* MovieBoxViewModel.swift in Sources */ = {isa = PBXBuildFile; fileRef = CC92219F2CA8133100C74F95 /* MovieBoxViewModel.swift */; };
		CCBA34712CA2DC160058507C /* MovieContentView.swift in Sources */ = {isa = PBXBuildFile; fileRef = CCBA34702CA2DC160058507C /* MovieContentView.swift */; };
		CCBA34752CA3D5EE0058507C /* ImagePlaceholderView.swift in Sources */ = {isa = PBXBuildFile; fileRef = CCBA34742CA3D5ED0058507C /* ImagePlaceholderView.swift */; };
		CCBA34772CA3D8E90058507C /* MovieContentViewModel.swift in Sources */ = {isa = PBXBuildFile; fileRef = CCBA34762CA3D8E90058507C /* MovieContentViewModel.swift */; };
		CCBA34792CA3DA120058507C /* MovieContentUseCase.swift in Sources */ = {isa = PBXBuildFile; fileRef = CCBA34782CA3DA120058507C /* MovieContentUseCase.swift */; };
		CCBA347B2CA40E4E0058507C /* LazyImageWrapperView.swift in Sources */ = {isa = PBXBuildFile; fileRef = CCBA347A2CA40E4E0058507C /* LazyImageWrapperView.swift */; };
		CCBA347E2CA4130D0058507C /* MovieInfo.swift in Sources */ = {isa = PBXBuildFile; fileRef = CCBA347D2CA4130D0058507C /* MovieInfo.swift */; };
		CCBA34802CA431C60058507C /* Country.json in Resources */ = {isa = PBXBuildFile; fileRef = CCBA347F2CA431C60058507C /* Country.json */; };
		CCBA34822CA473F00058507C /* MovieVideo.swift in Sources */ = {isa = PBXBuildFile; fileRef = CCBA34812CA473F00058507C /* MovieVideo.swift */; };
		CCD08E902CA935DF005BB189 /* MovieCardBackView.swift in Sources */ = {isa = PBXBuildFile; fileRef = CCD08E8F2CA935DF005BB189 /* MovieCardBackView.swift */; };
		CCF315722CA045080082D794 /* CustomTabView.swift in Sources */ = {isa = PBXBuildFile; fileRef = CCF315712CA045080082D794 /* CustomTabView.swift */; };
		CCF315732CA05A760082D794 /* RealmSwift in Embed Frameworks */ = {isa = PBXBuildFile; productRef = CC7319992C9C0611009158EC /* RealmSwift */; settings = {ATTRIBUTES = (CodeSignOnCopy, ); }; };
		CCF3157C2CA060D80082D794 /* MovieListViewModel.swift in Sources */ = {isa = PBXBuildFile; fileRef = CCF3157B2CA060D80082D794 /* MovieListViewModel.swift */; };
		CCF3157E2CA060E80082D794 /* MovieListView.swift in Sources */ = {isa = PBXBuildFile; fileRef = CCF3157D2CA060E80082D794 /* MovieListView.swift */; };
		CCF315812CA06EF10082D794 /* ViewModel.swift in Sources */ = {isa = PBXBuildFile; fileRef = CCF315802CA06EF10082D794 /* ViewModel.swift */; };
		CCF315842CA07C630082D794 /* DIContainer.swift in Sources */ = {isa = PBXBuildFile; fileRef = CCF315832CA07C630082D794 /* DIContainer.swift */; };
		CCF315892CA110FE0082D794 /* Launch Screen.storyboard in Resources */ = {isa = PBXBuildFile; fileRef = CCF315882CA110FE0082D794 /* Launch Screen.storyboard */; };
		CCF3158D2CA12CCA0082D794 /* ExpandableSearchBar.swift in Sources */ = {isa = PBXBuildFile; fileRef = CCF3158C2CA12CCA0082D794 /* ExpandableSearchBar.swift */; };
/* End PBXBuildFile section */

/* Begin PBXCopyFilesBuildPhase section */
		CCF315742CA05A760082D794 /* Embed Frameworks */ = {
			isa = PBXCopyFilesBuildPhase;
			buildActionMask = 2147483647;
			dstPath = "";
			dstSubfolderSpec = 10;
			files = (
				CCF315732CA05A760082D794 /* RealmSwift in Embed Frameworks */,
			);
			name = "Embed Frameworks";
			runOnlyForDeploymentPostprocessing = 0;
		};
/* End PBXCopyFilesBuildPhase section */

/* Begin PBXFileReference section */
		CC7319852C9C0468009158EC /* MovieBox.app */ = {isa = PBXFileReference; explicitFileType = wrapper.application; includeInIndex = 0; path = MovieBox.app; sourceTree = BUILT_PRODUCTS_DIR; };
		CC7319882C9C0468009158EC /* MovieBoxApp.swift */ = {isa = PBXFileReference; lastKnownFileType = sourcecode.swift; path = MovieBoxApp.swift; sourceTree = "<group>"; };
		CC73198C2C9C0469009158EC /* Assets.xcassets */ = {isa = PBXFileReference; lastKnownFileType = folder.assetcatalog; path = Assets.xcassets; sourceTree = "<group>"; };
		CC73198F2C9C0469009158EC /* Preview Assets.xcassets */ = {isa = PBXFileReference; lastKnownFileType = folder.assetcatalog; path = "Preview Assets.xcassets"; sourceTree = "<group>"; };
		CC7319962C9C0481009158EC /* API.swift */ = {isa = PBXFileReference; lastKnownFileType = sourcecode.swift; path = API.swift; sourceTree = "<group>"; };
		CC7319B42C9C4AE8009158EC /* BoxOfficeDTO.swift */ = {isa = PBXFileReference; lastKnownFileType = sourcecode.swift; path = BoxOfficeDTO.swift; sourceTree = "<group>"; };
		CC7319B82C9C5173009158EC /* DailyBoxOffice.swift */ = {isa = PBXFileReference; lastKnownFileType = sourcecode.swift; path = DailyBoxOffice.swift; sourceTree = "<group>"; };
		CC7319BA2C9D4445009158EC /* MoviePoster.swift */ = {isa = PBXFileReference; lastKnownFileType = sourcecode.swift; path = MoviePoster.swift; sourceTree = "<group>"; };
		CC7319BC2C9D4C2F009158EC /* MovieSearchResultDTO+Mapping.swift */ = {isa = PBXFileReference; lastKnownFileType = sourcecode.swift; path = "MovieSearchResultDTO+Mapping.swift"; sourceTree = "<group>"; };
		CC7319BE2C9D539D009158EC /* MovieContent.swift */ = {isa = PBXFileReference; lastKnownFileType = sourcecode.swift; path = MovieContent.swift; sourceTree = "<group>"; };
		CC7319C82C9D60AD009158EC /* CountryMapper.swift */ = {isa = PBXFileReference; lastKnownFileType = sourcecode.swift; path = CountryMapper.swift; sourceTree = "<group>"; };
		CC7319CB2C9D63E2009158EC /* MovieDetailDTO+Mapping.swift */ = {isa = PBXFileReference; lastKnownFileType = sourcecode.swift; path = "MovieDetailDTO+Mapping.swift"; sourceTree = "<group>"; };
		CC7319CD2C9D6A65009158EC /* CreditDTO+Mapping.swift */ = {isa = PBXFileReference; lastKnownFileType = sourcecode.swift; path = "CreditDTO+Mapping.swift"; sourceTree = "<group>"; };
		CC7319CF2C9D7674009158EC /* MovieGalleryDTO+Mapping.swift */ = {isa = PBXFileReference; lastKnownFileType = sourcecode.swift; path = "MovieGalleryDTO+Mapping.swift"; sourceTree = "<group>"; };
		CC7319D32C9D9221009158EC /* MovieVideoDTO+Mapping.swift */ = {isa = PBXFileReference; lastKnownFileType = sourcecode.swift; path = "MovieVideoDTO+Mapping.swift"; sourceTree = "<group>"; };
		CC7319D52C9D9EDF009158EC /* SimilarMovieDTO+Mapping.swift */ = {isa = PBXFileReference; lastKnownFileType = sourcecode.swift; path = "SimilarMovieDTO+Mapping.swift"; sourceTree = "<group>"; };
		CC7319D72C9D9FF3009158EC /* MovieSearchResult.swift */ = {isa = PBXFileReference; lastKnownFileType = sourcecode.swift; path = MovieSearchResult.swift; sourceTree = "<group>"; };
		CC7319D92C9DA07A009158EC /* RecommendationMovieDTO+Mapping.swift */ = {isa = PBXFileReference; lastKnownFileType = sourcecode.swift; path = "RecommendationMovieDTO+Mapping.swift"; sourceTree = "<group>"; };
		CC7319DB2C9DA2D7009158EC /* MoviePosterDTO+Mapping.swift */ = {isa = PBXFileReference; lastKnownFileType = sourcecode.swift; path = "MoviePosterDTO+Mapping.swift"; sourceTree = "<group>"; };
		CC7319DD2C9DA5A8009158EC /* WeeklyTrendMovieDTO+Mapping.swift */ = {isa = PBXFileReference; lastKnownFileType = sourcecode.swift; path = "WeeklyTrendMovieDTO+Mapping.swift"; sourceTree = "<group>"; };
		CC7319DF2C9DA608009158EC /* WeeklyTrendMovieGallery.swift */ = {isa = PBXFileReference; lastKnownFileType = sourcecode.swift; path = WeeklyTrendMovieGallery.swift; sourceTree = "<group>"; };
		CC7319E22C9E8576009158EC /* DailyBoxOfficeGalleryMapper.swift */ = {isa = PBXFileReference; lastKnownFileType = sourcecode.swift; path = DailyBoxOfficeGalleryMapper.swift; sourceTree = "<group>"; };
		CC7319E72C9E8F14009158EC /* TMDBRequest.swift */ = {isa = PBXFileReference; lastKnownFileType = sourcecode.swift; path = TMDBRequest.swift; sourceTree = "<group>"; };
		CC7319E92C9E95B3009158EC /* KobisRequest.swift */ = {isa = PBXFileReference; lastKnownFileType = sourcecode.swift; path = KobisRequest.swift; sourceTree = "<group>"; };
		CC7319ED2C9E9774009158EC /* DateFormatManager.swift */ = {isa = PBXFileReference; lastKnownFileType = sourcecode.swift; path = DateFormatManager.swift; sourceTree = "<group>"; };
		CC7319F02C9E9A7E009158EC /* MovieListRepository.swift */ = {isa = PBXFileReference; lastKnownFileType = sourcecode.swift; path = MovieListRepository.swift; sourceTree = "<group>"; };
		CC7319F22C9ED1C4009158EC /* DefaultMovieContentRepository.swift */ = {isa = PBXFileReference; lastKnownFileType = sourcecode.swift; path = DefaultMovieContentRepository.swift; sourceTree = "<group>"; };
		CC7319F42C9ED27B009158EC /* MovieContentRepository.swift */ = {isa = PBXFileReference; lastKnownFileType = sourcecode.swift; path = MovieContentRepository.swift; sourceTree = "<group>"; };
		CC7319F72C9EEC25009158EC /* Moya+Extension.swift */ = {isa = PBXFileReference; lastKnownFileType = sourcecode.swift; path = "Moya+Extension.swift"; sourceTree = "<group>"; };
		CC7319FA2C9F2362009158EC /* MovieContentDataSource.swift */ = {isa = PBXFileReference; lastKnownFileType = sourcecode.swift; path = MovieContentDataSource.swift; sourceTree = "<group>"; };
		CC7319FC2C9F3C23009158EC /* DefaultMovieListRepository.swift */ = {isa = PBXFileReference; lastKnownFileType = sourcecode.swift; path = DefaultMovieListRepository.swift; sourceTree = "<group>"; };
		CC7319FE2C9F3CFD009158EC /* MovieListDataSource.swift */ = {isa = PBXFileReference; lastKnownFileType = sourcecode.swift; path = MovieListDataSource.swift; sourceTree = "<group>"; };
		CC731A012CA037AF009158EC /* MovieListUseCase.swift */ = {isa = PBXFileReference; lastKnownFileType = sourcecode.swift; path = MovieListUseCase.swift; sourceTree = "<group>"; };
		CC92217D2CA5894300C74F95 /* MovieBoxDataSource.swift */ = {isa = PBXFileReference; lastKnownFileType = sourcecode.swift; path = MovieBoxDataSource.swift; sourceTree = "<group>"; };
		CC9221812CA58A7E00C74F95 /* MovieCardDTO.swift */ = {isa = PBXFileReference; lastKnownFileType = sourcecode.swift; path = MovieCardDTO.swift; sourceTree = "<group>"; };
		CC9221852CA5B24E00C74F95 /* MovieBoxRepository.swift */ = {isa = PBXFileReference; lastKnownFileType = sourcecode.swift; path = MovieBoxRepository.swift; sourceTree = "<group>"; };
		CC9221872CA5B3AF00C74F95 /* DefaultMovieBoxRepository.swift */ = {isa = PBXFileReference; lastKnownFileType = sourcecode.swift; path = DefaultMovieBoxRepository.swift; sourceTree = "<group>"; };
		CC9221892CA67B0100C74F95 /* MakeMovieCardView.swift */ = {isa = PBXFileReference; lastKnownFileType = sourcecode.swift; path = MakeMovieCardView.swift; sourceTree = "<group>"; };
		CC92218C2CA67E5800C74F95 /* StarView.swift */ = {isa = PBXFileReference; lastKnownFileType = sourcecode.swift; path = StarView.swift; sourceTree = "<group>"; };
		CC9221912CA69BEA00C74F95 /* MakeMovieCardViewModel.swift */ = {isa = PBXFileReference; lastKnownFileType = sourcecode.swift; path = MakeMovieCardViewModel.swift; sourceTree = "<group>"; };
		CC9221932CA69CBF00C74F95 /* MovieCard.swift */ = {isa = PBXFileReference; lastKnownFileType = sourcecode.swift; path = MovieCard.swift; sourceTree = "<group>"; };
		CC9221952CA6E7E500C74F95 /* ImageLoadManager.swift */ = {isa = PBXFileReference; lastKnownFileType = sourcecode.swift; path = ImageLoadManager.swift; sourceTree = "<group>"; };
		CC9221982CA7BC4D00C74F95 /* MovieCardFrontView.swift */ = {isa = PBXFileReference; lastKnownFileType = sourcecode.swift; path = MovieCardFrontView.swift; sourceTree = "<group>"; };
		CC92219C2CA8132200C74F95 /* MovieBoxView.swift */ = {isa = PBXFileReference; lastKnownFileType = sourcecode.swift; path = MovieBoxView.swift; sourceTree = "<group>"; };
		CC92219F2CA8133100C74F95 /* MovieBoxViewModel.swift */ = {isa = PBXFileReference; lastKnownFileType = sourcecode.swift; path = MovieBoxViewModel.swift; sourceTree = "<group>"; };
		CCBA34702CA2DC160058507C /* MovieContentView.swift */ = {isa = PBXFileReference; lastKnownFileType = sourcecode.swift; path = MovieContentView.swift; sourceTree = "<group>"; };
		CCBA34742CA3D5ED0058507C /* ImagePlaceholderView.swift */ = {isa = PBXFileReference; lastKnownFileType = sourcecode.swift; path = ImagePlaceholderView.swift; sourceTree = "<group>"; };
		CCBA34762CA3D8E90058507C /* MovieContentViewModel.swift */ = {isa = PBXFileReference; lastKnownFileType = sourcecode.swift; path = MovieContentViewModel.swift; sourceTree = "<group>"; };
		CCBA34782CA3DA120058507C /* MovieContentUseCase.swift */ = {isa = PBXFileReference; lastKnownFileType = sourcecode.swift; path = MovieContentUseCase.swift; sourceTree = "<group>"; };
		CCBA347A2CA40E4E0058507C /* LazyImageWrapperView.swift */ = {isa = PBXFileReference; lastKnownFileType = sourcecode.swift; path = LazyImageWrapperView.swift; sourceTree = "<group>"; };
		CCBA347D2CA4130D0058507C /* MovieInfo.swift */ = {isa = PBXFileReference; lastKnownFileType = sourcecode.swift; path = MovieInfo.swift; sourceTree = "<group>"; };
		CCBA347F2CA431C60058507C /* Country.json */ = {isa = PBXFileReference; lastKnownFileType = text.json; path = Country.json; sourceTree = "<group>"; };
		CCBA34812CA473F00058507C /* MovieVideo.swift */ = {isa = PBXFileReference; lastKnownFileType = sourcecode.swift; path = MovieVideo.swift; sourceTree = "<group>"; };
		CCD08E8F2CA935DF005BB189 /* MovieCardBackView.swift */ = {isa = PBXFileReference; lastKnownFileType = sourcecode.swift; path = MovieCardBackView.swift; sourceTree = "<group>"; };
		CCF315712CA045080082D794 /* CustomTabView.swift */ = {isa = PBXFileReference; lastKnownFileType = sourcecode.swift; path = CustomTabView.swift; sourceTree = "<group>"; };
		CCF315752CA05B1C0082D794 /* Info.plist */ = {isa = PBXFileReference; lastKnownFileType = text.plist; path = Info.plist; sourceTree = "<group>"; };
		CCF3157B2CA060D80082D794 /* MovieListViewModel.swift */ = {isa = PBXFileReference; lastKnownFileType = sourcecode.swift; path = MovieListViewModel.swift; sourceTree = "<group>"; };
		CCF3157D2CA060E80082D794 /* MovieListView.swift */ = {isa = PBXFileReference; lastKnownFileType = sourcecode.swift; path = MovieListView.swift; sourceTree = "<group>"; };
		CCF315802CA06EF10082D794 /* ViewModel.swift */ = {isa = PBXFileReference; lastKnownFileType = sourcecode.swift; path = ViewModel.swift; sourceTree = "<group>"; };
		CCF315832CA07C630082D794 /* DIContainer.swift */ = {isa = PBXFileReference; lastKnownFileType = sourcecode.swift; path = DIContainer.swift; sourceTree = "<group>"; };
		CCF315882CA110FE0082D794 /* Launch Screen.storyboard */ = {isa = PBXFileReference; lastKnownFileType = file.storyboard; path = "Launch Screen.storyboard"; sourceTree = "<group>"; };
		CCF3158C2CA12CCA0082D794 /* ExpandableSearchBar.swift */ = {isa = PBXFileReference; lastKnownFileType = sourcecode.swift; path = ExpandableSearchBar.swift; sourceTree = "<group>"; };
/* End PBXFileReference section */

/* Begin PBXFrameworksBuildPhase section */
		CC7319822C9C0468009158EC /* Frameworks */ = {
			isa = PBXFrameworksBuildPhase;
			buildActionMask = 2147483647;
			files = (
				CC7319A62C9C09C7009158EC /* SkeletonUI in Frameworks */,
				CC73199A2C9C0611009158EC /* RealmSwift in Frameworks */,
				CC9221902CA67E8000C74F95 /* Cosmos in Frameworks */,
				CC7319B02C9C0B94009158EC /* Swinject in Frameworks */,
				CC7319A92C9C09DA009158EC /* YouTubePlayerKit in Frameworks */,
				CC73199D2C9C07FB009158EC /* ShuffleIt in Frameworks */,
				CC7319A02C9C0843009158EC /* Moya in Frameworks */,
				CC7319A32C9C08CB009158EC /* NukeUI in Frameworks */,
			);
			runOnlyForDeploymentPostprocessing = 0;
		};
/* End PBXFrameworksBuildPhase section */

/* Begin PBXGroup section */
		CC73197C2C9C0468009158EC = {
			isa = PBXGroup;
			children = (
				CC7319872C9C0468009158EC /* MovieBox */,
				CC7319862C9C0468009158EC /* Products */,
			);
			sourceTree = "<group>";
		};
		CC7319862C9C0468009158EC /* Products */ = {
			isa = PBXGroup;
			children = (
				CC7319852C9C0468009158EC /* MovieBox.app */,
			);
			name = Products;
			sourceTree = "<group>";
		};
		CC7319872C9C0468009158EC /* MovieBox */ = {
			isa = PBXGroup;
			children = (
				CCF315752CA05B1C0082D794 /* Info.plist */,
				CC73198E2C9C0469009158EC /* Preview Content */,
				CC7319AB2C9C0B16009158EC /* Resources */,
				CC7319AA2C9C0B0F009158EC /* Sources */,
				CC7319962C9C0481009158EC /* API.swift */,
			);
			path = MovieBox;
			sourceTree = "<group>";
		};
		CC73198E2C9C0469009158EC /* Preview Content */ = {
			isa = PBXGroup;
			children = (
				CC73198F2C9C0469009158EC /* Preview Assets.xcassets */,
			);
			path = "Preview Content";
			sourceTree = "<group>";
		};
		CC7319AA2C9C0B0F009158EC /* Sources */ = {
			isa = PBXGroup;
			children = (
				CC7319EB2C9E9757009158EC /* Utils */,
				CC7319B22C9C0C0E009158EC /* Data */,
				CC7319B62C9C4F36009158EC /* Domain */,
				CC7319B12C9C0BC8009158EC /* Presentation */,
				CC7319AC2C9C0B2A009158EC /* App */,
			);
			path = Sources;
			sourceTree = "<group>";
		};
		CC7319AB2C9C0B16009158EC /* Resources */ = {
			isa = PBXGroup;
			children = (
				CC73198C2C9C0469009158EC /* Assets.xcassets */,
				CCF315882CA110FE0082D794 /* Launch Screen.storyboard */,
				CCBA347F2CA431C60058507C /* Country.json */,
			);
			path = Resources;
			sourceTree = "<group>";
		};
		CC7319AC2C9C0B2A009158EC /* App */ = {
			isa = PBXGroup;
			children = (
				CC7319882C9C0468009158EC /* MovieBoxApp.swift */,
			);
			path = App;
			sourceTree = "<group>";
		};
		CC7319B12C9C0BC8009158EC /* Presentation */ = {
			isa = PBXGroup;
			children = (
				CCF3157F2CA06EDC0082D794 /* Protocol */,
				CC731A042CA03E40009158EC /* Components */,
				CC731A032CA03E2D009158EC /* Screens */,
			);
			path = Presentation;
			sourceTree = "<group>";
		};
		CC7319B22C9C0C0E009158EC /* Data */ = {
			isa = PBXGroup;
			children = (
				CC7319F92C9F234E009158EC /* DataSources */,
				CC7319F62C9EEC17009158EC /* Extension */,
				CC7319E62C9E8EF6009158EC /* DataMapping */,
				CC7319E52C9E8E84009158EC /* Repository */,
				CC7319E42C9E8D62009158EC /* Network */,
			);
			path = Data;
			sourceTree = "<group>";
		};
		CC7319B32C9C0C58009158EC /* DTOs */ = {
			isa = PBXGroup;
			children = (
				CC9221802CA58A5B00C74F95 /* Local */,
				CC92217F2CA58A3100C74F95 /* External */,
			);
			path = DTOs;
			sourceTree = "<group>";
		};
		CC7319B62C9C4F36009158EC /* Domain */ = {
			isa = PBXGroup;
			children = (
				CC731A002CA03770009158EC /* UseCases */,
				CC7319EF2C9E9A5A009158EC /* Interfaces */,
				CC7319CA2C9D60C7009158EC /* Mapper */,
				CC7319B72C9C4F62009158EC /* Entities */,
			);
			path = Domain;
			sourceTree = "<group>";
		};
		CC7319B72C9C4F62009158EC /* Entities */ = {
			isa = PBXGroup;
			children = (
				CC7319B82C9C5173009158EC /* DailyBoxOffice.swift */,
				CC7319BA2C9D4445009158EC /* MoviePoster.swift */,
				CC7319BE2C9D539D009158EC /* MovieContent.swift */,
				CC7319D72C9D9FF3009158EC /* MovieSearchResult.swift */,
				CC7319DF2C9DA608009158EC /* WeeklyTrendMovieGallery.swift */,
			);
			path = Entities;
			sourceTree = "<group>";
		};
		CC7319CA2C9D60C7009158EC /* Mapper */ = {
			isa = PBXGroup;
			children = (
				CC7319C82C9D60AD009158EC /* CountryMapper.swift */,
			);
			path = Mapper;
			sourceTree = "<group>";
		};
		CC7319E12C9E855C009158EC /* Mapper */ = {
			isa = PBXGroup;
			children = (
				CC7319E22C9E8576009158EC /* DailyBoxOfficeGalleryMapper.swift */,
			);
			path = Mapper;
			sourceTree = "<group>";
		};
		CC7319E42C9E8D62009158EC /* Network */ = {
			isa = PBXGroup;
			children = (
				CC7319E72C9E8F14009158EC /* TMDBRequest.swift */,
				CC7319E92C9E95B3009158EC /* KobisRequest.swift */,
			);
			path = Network;
			sourceTree = "<group>";
		};
		CC7319E52C9E8E84009158EC /* Repository */ = {
			isa = PBXGroup;
			children = (
				CC7319F22C9ED1C4009158EC /* DefaultMovieContentRepository.swift */,
				CC7319FC2C9F3C23009158EC /* DefaultMovieListRepository.swift */,
				CC9221872CA5B3AF00C74F95 /* DefaultMovieBoxRepository.swift */,
			);
			path = Repository;
			sourceTree = "<group>";
		};
		CC7319E62C9E8EF6009158EC /* DataMapping */ = {
			isa = PBXGroup;
			children = (
				CC7319E12C9E855C009158EC /* Mapper */,
				CC7319B32C9C0C58009158EC /* DTOs */,
			);
			path = DataMapping;
			sourceTree = "<group>";
		};
		CC7319EB2C9E9757009158EC /* Utils */ = {
			isa = PBXGroup;
			children = (
				CCF315822CA07C590082D794 /* DI */,
				CC7319EC2C9E9766009158EC /* Managers */,
			);
			path = Utils;
			sourceTree = "<group>";
		};
		CC7319EC2C9E9766009158EC /* Managers */ = {
			isa = PBXGroup;
			children = (
				CC7319ED2C9E9774009158EC /* DateFormatManager.swift */,
				CC9221952CA6E7E500C74F95 /* ImageLoadManager.swift */,
			);
			path = Managers;
			sourceTree = "<group>";
		};
		CC7319EF2C9E9A5A009158EC /* Interfaces */ = {
			isa = PBXGroup;
			children = (
				CC7319F02C9E9A7E009158EC /* MovieListRepository.swift */,
				CC7319F42C9ED27B009158EC /* MovieContentRepository.swift */,
				CC9221852CA5B24E00C74F95 /* MovieBoxRepository.swift */,
			);
			path = Interfaces;
			sourceTree = "<group>";
		};
		CC7319F62C9EEC17009158EC /* Extension */ = {
			isa = PBXGroup;
			children = (
				CC7319F72C9EEC25009158EC /* Moya+Extension.swift */,
			);
			path = Extension;
			sourceTree = "<group>";
		};
		CC7319F92C9F234E009158EC /* DataSources */ = {
			isa = PBXGroup;
			children = (
				CC9221842CA58ABB00C74F95 /* Local */,
				CC9221832CA58AAE00C74F95 /* External */,
			);
			path = DataSources;
			sourceTree = "<group>";
		};
		CC731A002CA03770009158EC /* UseCases */ = {
			isa = PBXGroup;
			children = (
				CC731A012CA037AF009158EC /* MovieListUseCase.swift */,
				CCBA34782CA3DA120058507C /* MovieContentUseCase.swift */,
			);
			path = UseCases;
			sourceTree = "<group>";
		};
		CC731A032CA03E2D009158EC /* Screens */ = {
			isa = PBXGroup;
			children = (
				CC92219A2CA8130A00C74F95 /* MovieBoxScreen */,
				CCBA346E2CA2DB990058507C /* MovieContentScreen */,
				CCF315762CA0608B0082D794 /* MovieListScreen */,
			);
			path = Screens;
			sourceTree = "<group>";
		};
		CC731A042CA03E40009158EC /* Components */ = {
			isa = PBXGroup;
			children = (
				CC9221972CA7BC4200C74F95 /* MoiveCardView */,
				CC92218B2CA67E4C00C74F95 /* StarView */,
				CCBA34732CA3D5DC0058507C /* ImageViews */,
				CC731A052CA0407C009158EC /* TabView */,
			);
			path = Components;
			sourceTree = "<group>";
		};
		CC731A052CA0407C009158EC /* TabView */ = {
			isa = PBXGroup;
			children = (
				CCF315712CA045080082D794 /* CustomTabView.swift */,
			);
			path = TabView;
			sourceTree = "<group>";
		};
		CC92217F2CA58A3100C74F95 /* External */ = {
			isa = PBXGroup;
			children = (
				CC7319B42C9C4AE8009158EC /* BoxOfficeDTO.swift */,
				CC7319DB2C9DA2D7009158EC /* MoviePosterDTO+Mapping.swift */,
				CC7319BC2C9D4C2F009158EC /* MovieSearchResultDTO+Mapping.swift */,
				CC7319CB2C9D63E2009158EC /* MovieDetailDTO+Mapping.swift */,
				CC7319CD2C9D6A65009158EC /* CreditDTO+Mapping.swift */,
				CC7319CF2C9D7674009158EC /* MovieGalleryDTO+Mapping.swift */,
				CC7319D32C9D9221009158EC /* MovieVideoDTO+Mapping.swift */,
				CC7319D52C9D9EDF009158EC /* SimilarMovieDTO+Mapping.swift */,
				CC7319D92C9DA07A009158EC /* RecommendationMovieDTO+Mapping.swift */,
				CC7319DD2C9DA5A8009158EC /* WeeklyTrendMovieDTO+Mapping.swift */,
			);
			path = External;
			sourceTree = "<group>";
		};
		CC9221802CA58A5B00C74F95 /* Local */ = {
			isa = PBXGroup;
			children = (
				CC9221812CA58A7E00C74F95 /* MovieCardDTO.swift */,
			);
			path = Local;
			sourceTree = "<group>";
		};
		CC9221832CA58AAE00C74F95 /* External */ = {
			isa = PBXGroup;
			children = (
				CC7319FA2C9F2362009158EC /* MovieContentDataSource.swift */,
				CC7319FE2C9F3CFD009158EC /* MovieListDataSource.swift */,
			);
			path = External;
			sourceTree = "<group>";
		};
		CC9221842CA58ABB00C74F95 /* Local */ = {
			isa = PBXGroup;
			children = (
				CC92217D2CA5894300C74F95 /* MovieBoxDataSource.swift */,
			);
			path = Local;
			sourceTree = "<group>";
		};
		CC92218B2CA67E4C00C74F95 /* StarView */ = {
			isa = PBXGroup;
			children = (
				CC92218C2CA67E5800C74F95 /* StarView.swift */,
			);
			path = StarView;
			sourceTree = "<group>";
		};
		CC9221972CA7BC4200C74F95 /* MoiveCardView */ = {
			isa = PBXGroup;
			children = (
				CC9221982CA7BC4D00C74F95 /* MovieCardFrontView.swift */,
				CCD08E8F2CA935DF005BB189 /* MovieCardBackView.swift */,
			);
			path = MoiveCardView;
			sourceTree = "<group>";
		};
		CC92219A2CA8130A00C74F95 /* MovieBoxScreen */ = {
			isa = PBXGroup;
			children = (
				CC92219E2CA8132600C74F95 /* ViewModel */,
				CC92219B2CA8131800C74F95 /* View */,
			);
			path = MovieBoxScreen;
			sourceTree = "<group>";
		};
		CC92219B2CA8131800C74F95 /* View */ = {
			isa = PBXGroup;
			children = (
				CC92219C2CA8132200C74F95 /* MovieBoxView.swift */,
			);
			path = View;
			sourceTree = "<group>";
		};
		CC92219E2CA8132600C74F95 /* ViewModel */ = {
			isa = PBXGroup;
			children = (
				CC92219F2CA8133100C74F95 /* MovieBoxViewModel.swift */,
			);
			path = ViewModel;
			sourceTree = "<group>";
		};
		CCBA346E2CA2DB990058507C /* MovieContentScreen */ = {
			isa = PBXGroup;
			children = (
				CCBA34722CA2DC1F0058507C /* ViewModel */,
				CCBA346F2CA2DBA80058507C /* View */,
			);
			path = MovieContentScreen;
			sourceTree = "<group>";
		};
		CCBA346F2CA2DBA80058507C /* View */ = {
			isa = PBXGroup;
			children = (
				CCBA34702CA2DC160058507C /* MovieContentView.swift */,
				CC9221892CA67B0100C74F95 /* MakeMovieCardView.swift */,
			);
			path = View;
			sourceTree = "<group>";
		};
		CCBA34722CA2DC1F0058507C /* ViewModel */ = {
			isa = PBXGroup;
			children = (
				CCBA347C2CA412740058507C /* PrsenationModel */,
				CCBA34762CA3D8E90058507C /* MovieContentViewModel.swift */,
				CC9221912CA69BEA00C74F95 /* MakeMovieCardViewModel.swift */,
			);
			path = ViewModel;
			sourceTree = "<group>";
		};
		CCBA34732CA3D5DC0058507C /* ImageViews */ = {
			isa = PBXGroup;
			children = (
				CCBA34742CA3D5ED0058507C /* ImagePlaceholderView.swift */,
				CCBA347A2CA40E4E0058507C /* LazyImageWrapperView.swift */,
			);
			path = ImageViews;
			sourceTree = "<group>";
		};
		CCBA347C2CA412740058507C /* PrsenationModel */ = {
			isa = PBXGroup;
			children = (
				CCBA347D2CA4130D0058507C /* MovieInfo.swift */,
				CCBA34812CA473F00058507C /* MovieVideo.swift */,
				CC9221932CA69CBF00C74F95 /* MovieCard.swift */,
			);
			path = PrsenationModel;
			sourceTree = "<group>";
		};
		CCF315762CA0608B0082D794 /* MovieListScreen */ = {
			isa = PBXGroup;
			children = (
				CCF3157A2CA060C90082D794 /* ViewModel */,
				CCF315772CA0609C0082D794 /* View */,
			);
			path = MovieListScreen;
			sourceTree = "<group>";
		};
		CCF315772CA0609C0082D794 /* View */ = {
			isa = PBXGroup;
			children = (
				CCF3157D2CA060E80082D794 /* MovieListView.swift */,
				CCF3158C2CA12CCA0082D794 /* ExpandableSearchBar.swift */,
			);
			path = View;
			sourceTree = "<group>";
		};
		CCF3157A2CA060C90082D794 /* ViewModel */ = {
			isa = PBXGroup;
			children = (
				CCF3157B2CA060D80082D794 /* MovieListViewModel.swift */,
			);
			path = ViewModel;
			sourceTree = "<group>";
		};
		CCF3157F2CA06EDC0082D794 /* Protocol */ = {
			isa = PBXGroup;
			children = (
				CCF315802CA06EF10082D794 /* ViewModel.swift */,
			);
			path = Protocol;
			sourceTree = "<group>";
		};
		CCF315822CA07C590082D794 /* DI */ = {
			isa = PBXGroup;
			children = (
				CCF315832CA07C630082D794 /* DIContainer.swift */,
			);
			path = DI;
			sourceTree = "<group>";
		};
/* End PBXGroup section */

/* Begin PBXNativeTarget section */
		CC7319842C9C0468009158EC /* MovieBox */ = {
			isa = PBXNativeTarget;
			buildConfigurationList = CC7319932C9C0469009158EC /* Build configuration list for PBXNativeTarget "MovieBox" */;
			buildPhases = (
				CC7319812C9C0468009158EC /* Sources */,
				CC7319822C9C0468009158EC /* Frameworks */,
				CC7319832C9C0468009158EC /* Resources */,
				CCF315742CA05A760082D794 /* Embed Frameworks */,
			);
			buildRules = (
			);
			dependencies = (
			);
			name = MovieBox;
			packageProductDependencies = (
				CC7319992C9C0611009158EC /* RealmSwift */,
				CC73199C2C9C07FB009158EC /* ShuffleIt */,
				CC73199F2C9C0843009158EC /* Moya */,
				CC7319A22C9C08CB009158EC /* NukeUI */,
				CC7319A52C9C09C7009158EC /* SkeletonUI */,
				CC7319A82C9C09DA009158EC /* YouTubePlayerKit */,
				CC7319AF2C9C0B94009158EC /* Swinject */,
				CC92218F2CA67E8000C74F95 /* Cosmos */,
			);
			productName = MovieBox;
			productReference = CC7319852C9C0468009158EC /* MovieBox.app */;
			productType = "com.apple.product-type.application";
		};
/* End PBXNativeTarget section */

/* Begin PBXProject section */
		CC73197D2C9C0468009158EC /* Project object */ = {
			isa = PBXProject;
			attributes = {
				BuildIndependentTargetsInParallel = 1;
				LastSwiftUpdateCheck = 1540;
				LastUpgradeCheck = 1540;
				TargetAttributes = {
					CC7319842C9C0468009158EC = {
						CreatedOnToolsVersion = 15.4;
					};
				};
			};
			buildConfigurationList = CC7319802C9C0468009158EC /* Build configuration list for PBXProject "MovieBox" */;
			compatibilityVersion = "Xcode 14.0";
			developmentRegion = en;
			hasScannedForEncodings = 0;
			knownRegions = (
				en,
				Base,
			);
			mainGroup = CC73197C2C9C0468009158EC;
			packageReferences = (
				CC7319982C9C0611009158EC /* XCRemoteSwiftPackageReference "realm-swift" */,
				CC73199B2C9C07FB009158EC /* XCRemoteSwiftPackageReference "ShuffleIt" */,
				CC73199E2C9C0843009158EC /* XCRemoteSwiftPackageReference "Moya" */,
				CC7319A12C9C08CB009158EC /* XCRemoteSwiftPackageReference "Nuke" */,
				CC7319A42C9C09C7009158EC /* XCRemoteSwiftPackageReference "SkeletonUI" */,
				CC7319A72C9C09DA009158EC /* XCRemoteSwiftPackageReference "YouTubePlayerKit" */,
				CC7319AE2C9C0B94009158EC /* XCRemoteSwiftPackageReference "Swinject" */,
				CC92218E2CA67E8000C74F95 /* XCRemoteSwiftPackageReference "Cosmos" */,
			);
			productRefGroup = CC7319862C9C0468009158EC /* Products */;
			projectDirPath = "";
			projectRoot = "";
			targets = (
				CC7319842C9C0468009158EC /* MovieBox */,
			);
		};
/* End PBXProject section */

/* Begin PBXResourcesBuildPhase section */
		CC7319832C9C0468009158EC /* Resources */ = {
			isa = PBXResourcesBuildPhase;
			buildActionMask = 2147483647;
			files = (
				CCBA34802CA431C60058507C /* Country.json in Resources */,
				CC7319902C9C0469009158EC /* Preview Assets.xcassets in Resources */,
				CCF315892CA110FE0082D794 /* Launch Screen.storyboard in Resources */,
				CC73198D2C9C0469009158EC /* Assets.xcassets in Resources */,
			);
			runOnlyForDeploymentPostprocessing = 0;
		};
/* End PBXResourcesBuildPhase section */

/* Begin PBXSourcesBuildPhase section */
		CC7319812C9C0468009158EC /* Sources */ = {
			isa = PBXSourcesBuildPhase;
			buildActionMask = 2147483647;
			files = (
				CC7319B52C9C4AE8009158EC /* BoxOfficeDTO.swift in Sources */,
				CCF3157C2CA060D80082D794 /* MovieListViewModel.swift in Sources */,
				CC7319F52C9ED27B009158EC /* MovieContentRepository.swift in Sources */,
				CC92218A2CA67B0100C74F95 /* MakeMovieCardView.swift in Sources */,
				CC7319EE2C9E9774009158EC /* DateFormatManager.swift in Sources */,
				CC9221822CA58A7E00C74F95 /* MovieCardDTO.swift in Sources */,
				CC7319C92C9D60AD009158EC /* CountryMapper.swift in Sources */,
				CC92219D2CA8132200C74F95 /* MovieBoxView.swift in Sources */,
				CCBA34772CA3D8E90058507C /* MovieContentViewModel.swift in Sources */,
				CCBA34822CA473F00058507C /* MovieVideo.swift in Sources */,
				CC7319DC2C9DA2D7009158EC /* MoviePosterDTO+Mapping.swift in Sources */,
				CC9221962CA6E7E500C74F95 /* ImageLoadManager.swift in Sources */,
				CC731A022CA037AF009158EC /* MovieListUseCase.swift in Sources */,
				CCF3158D2CA12CCA0082D794 /* ExpandableSearchBar.swift in Sources */,
				CCBA34792CA3DA120058507C /* MovieContentUseCase.swift in Sources */,
				CC7319FB2C9F2362009158EC /* MovieContentDataSource.swift in Sources */,
				CC9221A02CA8133100C74F95 /* MovieBoxViewModel.swift in Sources */,
				CC7319DA2C9DA07A009158EC /* RecommendationMovieDTO+Mapping.swift in Sources */,
				CC92217E2CA5894300C74F95 /* MovieBoxDataSource.swift in Sources */,
				CC7319CE2C9D6A65009158EC /* CreditDTO+Mapping.swift in Sources */,
				CCF315812CA06EF10082D794 /* ViewModel.swift in Sources */,
				CC92218D2CA67E5800C74F95 /* StarView.swift in Sources */,
				CC9221922CA69BEA00C74F95 /* MakeMovieCardViewModel.swift in Sources */,
				CC7319F12C9E9A7E009158EC /* MovieListRepository.swift in Sources */,
				CC7319CC2C9D63E2009158EC /* MovieDetailDTO+Mapping.swift in Sources */,
				CC7319E32C9E8576009158EC /* DailyBoxOfficeGalleryMapper.swift in Sources */,
				CC9221862CA5B24E00C74F95 /* MovieBoxRepository.swift in Sources */,
				CC7319FD2C9F3C23009158EC /* DefaultMovieListRepository.swift in Sources */,
				CC7319DE2C9DA5A8009158EC /* WeeklyTrendMovieDTO+Mapping.swift in Sources */,
				CCF3157E2CA060E80082D794 /* MovieListView.swift in Sources */,
				CC7319EA2C9E95B3009158EC /* KobisRequest.swift in Sources */,
				CC7319B92C9C5173009158EC /* DailyBoxOffice.swift in Sources */,
				CCD08E902CA935DF005BB189 /* MovieCardBackView.swift in Sources */,
				CC7319972C9C0481009158EC /* API.swift in Sources */,
				CCF315722CA045080082D794 /* CustomTabView.swift in Sources */,
				CC7319FF2C9F3CFD009158EC /* MovieListDataSource.swift in Sources */,
				CC7319BD2C9D4C2F009158EC /* MovieSearchResultDTO+Mapping.swift in Sources */,
				CC7319F32C9ED1C4009158EC /* DefaultMovieContentRepository.swift in Sources */,
				CC9221942CA69CBF00C74F95 /* MovieCard.swift in Sources */,
				CCBA34712CA2DC160058507C /* MovieContentView.swift in Sources */,
				CCBA347B2CA40E4E0058507C /* LazyImageWrapperView.swift in Sources */,
				CC7319D82C9D9FF3009158EC /* MovieSearchResult.swift in Sources */,
				CC7319892C9C0468009158EC /* MovieBoxApp.swift in Sources */,
				CCF315842CA07C630082D794 /* DIContainer.swift in Sources */,
				CC7319D62C9D9EDF009158EC /* SimilarMovieDTO+Mapping.swift in Sources */,
				CC7319BF2C9D539D009158EC /* MovieContent.swift in Sources */,
				CC7319BB2C9D4445009158EC /* MoviePoster.swift in Sources */,
				CC7319E02C9DA608009158EC /* WeeklyTrendMovieGallery.swift in Sources */,
				CC9221882CA5B3AF00C74F95 /* DefaultMovieBoxRepository.swift in Sources */,
				CC9221992CA7BC4D00C74F95 /* MovieCardFrontView.swift in Sources */,
				CC7319E82C9E8F14009158EC /* TMDBRequest.swift in Sources */,
				CCBA347E2CA4130D0058507C /* MovieInfo.swift in Sources */,
				CCBA34752CA3D5EE0058507C /* ImagePlaceholderView.swift in Sources */,
				CC7319D42C9D9221009158EC /* MovieVideoDTO+Mapping.swift in Sources */,
				CC7319F82C9EEC25009158EC /* Moya+Extension.swift in Sources */,
				CC7319D02C9D7674009158EC /* MovieGalleryDTO+Mapping.swift in Sources */,
			);
			runOnlyForDeploymentPostprocessing = 0;
		};
/* End PBXSourcesBuildPhase section */

/* Begin XCBuildConfiguration section */
		CC7319912C9C0469009158EC /* Debug */ = {
			isa = XCBuildConfiguration;
			buildSettings = {
				ALWAYS_SEARCH_USER_PATHS = NO;
				ASSETCATALOG_COMPILER_GENERATE_SWIFT_ASSET_SYMBOL_EXTENSIONS = YES;
				CLANG_ANALYZER_NONNULL = YES;
				CLANG_ANALYZER_NUMBER_OBJECT_CONVERSION = YES_AGGRESSIVE;
				CLANG_CXX_LANGUAGE_STANDARD = "gnu++20";
				CLANG_ENABLE_MODULES = YES;
				CLANG_ENABLE_OBJC_ARC = YES;
				CLANG_ENABLE_OBJC_WEAK = YES;
				CLANG_WARN_BLOCK_CAPTURE_AUTORELEASING = YES;
				CLANG_WARN_BOOL_CONVERSION = YES;
				CLANG_WARN_COMMA = YES;
				CLANG_WARN_CONSTANT_CONVERSION = YES;
				CLANG_WARN_DEPRECATED_OBJC_IMPLEMENTATIONS = YES;
				CLANG_WARN_DIRECT_OBJC_ISA_USAGE = YES_ERROR;
				CLANG_WARN_DOCUMENTATION_COMMENTS = YES;
				CLANG_WARN_EMPTY_BODY = YES;
				CLANG_WARN_ENUM_CONVERSION = YES;
				CLANG_WARN_INFINITE_RECURSION = YES;
				CLANG_WARN_INT_CONVERSION = YES;
				CLANG_WARN_NON_LITERAL_NULL_CONVERSION = YES;
				CLANG_WARN_OBJC_IMPLICIT_RETAIN_SELF = YES;
				CLANG_WARN_OBJC_LITERAL_CONVERSION = YES;
				CLANG_WARN_OBJC_ROOT_CLASS = YES_ERROR;
				CLANG_WARN_QUOTED_INCLUDE_IN_FRAMEWORK_HEADER = YES;
				CLANG_WARN_RANGE_LOOP_ANALYSIS = YES;
				CLANG_WARN_STRICT_PROTOTYPES = YES;
				CLANG_WARN_SUSPICIOUS_MOVE = YES;
				CLANG_WARN_UNGUARDED_AVAILABILITY = YES_AGGRESSIVE;
				CLANG_WARN_UNREACHABLE_CODE = YES;
				CLANG_WARN__DUPLICATE_METHOD_MATCH = YES;
				COPY_PHASE_STRIP = NO;
				DEBUG_INFORMATION_FORMAT = dwarf;
				ENABLE_STRICT_OBJC_MSGSEND = YES;
				ENABLE_TESTABILITY = YES;
				ENABLE_USER_SCRIPT_SANDBOXING = YES;
				GCC_C_LANGUAGE_STANDARD = gnu17;
				GCC_DYNAMIC_NO_PIC = NO;
				GCC_NO_COMMON_BLOCKS = YES;
				GCC_OPTIMIZATION_LEVEL = 0;
				GCC_PREPROCESSOR_DEFINITIONS = (
					"DEBUG=1",
					"$(inherited)",
				);
				GCC_WARN_64_TO_32_BIT_CONVERSION = YES;
				GCC_WARN_ABOUT_RETURN_TYPE = YES_ERROR;
				GCC_WARN_UNDECLARED_SELECTOR = YES;
				GCC_WARN_UNINITIALIZED_AUTOS = YES_AGGRESSIVE;
				GCC_WARN_UNUSED_FUNCTION = YES;
				GCC_WARN_UNUSED_VARIABLE = YES;
				IPHONEOS_DEPLOYMENT_TARGET = 16.0;
				LOCALIZATION_PREFERS_STRING_CATALOGS = YES;
				MTL_ENABLE_DEBUG_INFO = INCLUDE_SOURCE;
				MTL_FAST_MATH = YES;
				ONLY_ACTIVE_ARCH = YES;
				SDKROOT = iphoneos;
				SWIFT_ACTIVE_COMPILATION_CONDITIONS = "DEBUG $(inherited)";
				SWIFT_OPTIMIZATION_LEVEL = "-Onone";
			};
			name = Debug;
		};
		CC7319922C9C0469009158EC /* Release */ = {
			isa = XCBuildConfiguration;
			buildSettings = {
				ALWAYS_SEARCH_USER_PATHS = NO;
				ASSETCATALOG_COMPILER_GENERATE_SWIFT_ASSET_SYMBOL_EXTENSIONS = YES;
				CLANG_ANALYZER_NONNULL = YES;
				CLANG_ANALYZER_NUMBER_OBJECT_CONVERSION = YES_AGGRESSIVE;
				CLANG_CXX_LANGUAGE_STANDARD = "gnu++20";
				CLANG_ENABLE_MODULES = YES;
				CLANG_ENABLE_OBJC_ARC = YES;
				CLANG_ENABLE_OBJC_WEAK = YES;
				CLANG_WARN_BLOCK_CAPTURE_AUTORELEASING = YES;
				CLANG_WARN_BOOL_CONVERSION = YES;
				CLANG_WARN_COMMA = YES;
				CLANG_WARN_CONSTANT_CONVERSION = YES;
				CLANG_WARN_DEPRECATED_OBJC_IMPLEMENTATIONS = YES;
				CLANG_WARN_DIRECT_OBJC_ISA_USAGE = YES_ERROR;
				CLANG_WARN_DOCUMENTATION_COMMENTS = YES;
				CLANG_WARN_EMPTY_BODY = YES;
				CLANG_WARN_ENUM_CONVERSION = YES;
				CLANG_WARN_INFINITE_RECURSION = YES;
				CLANG_WARN_INT_CONVERSION = YES;
				CLANG_WARN_NON_LITERAL_NULL_CONVERSION = YES;
				CLANG_WARN_OBJC_IMPLICIT_RETAIN_SELF = YES;
				CLANG_WARN_OBJC_LITERAL_CONVERSION = YES;
				CLANG_WARN_OBJC_ROOT_CLASS = YES_ERROR;
				CLANG_WARN_QUOTED_INCLUDE_IN_FRAMEWORK_HEADER = YES;
				CLANG_WARN_RANGE_LOOP_ANALYSIS = YES;
				CLANG_WARN_STRICT_PROTOTYPES = YES;
				CLANG_WARN_SUSPICIOUS_MOVE = YES;
				CLANG_WARN_UNGUARDED_AVAILABILITY = YES_AGGRESSIVE;
				CLANG_WARN_UNREACHABLE_CODE = YES;
				CLANG_WARN__DUPLICATE_METHOD_MATCH = YES;
				COPY_PHASE_STRIP = NO;
				DEBUG_INFORMATION_FORMAT = "dwarf-with-dsym";
				ENABLE_NS_ASSERTIONS = NO;
				ENABLE_STRICT_OBJC_MSGSEND = YES;
				ENABLE_USER_SCRIPT_SANDBOXING = YES;
				GCC_C_LANGUAGE_STANDARD = gnu17;
				GCC_NO_COMMON_BLOCKS = YES;
				GCC_WARN_64_TO_32_BIT_CONVERSION = YES;
				GCC_WARN_ABOUT_RETURN_TYPE = YES_ERROR;
				GCC_WARN_UNDECLARED_SELECTOR = YES;
				GCC_WARN_UNINITIALIZED_AUTOS = YES_AGGRESSIVE;
				GCC_WARN_UNUSED_FUNCTION = YES;
				GCC_WARN_UNUSED_VARIABLE = YES;
				IPHONEOS_DEPLOYMENT_TARGET = 16.0;
				LOCALIZATION_PREFERS_STRING_CATALOGS = YES;
				MTL_ENABLE_DEBUG_INFO = NO;
				MTL_FAST_MATH = YES;
				SDKROOT = iphoneos;
				SWIFT_COMPILATION_MODE = wholemodule;
				VALIDATE_PRODUCT = YES;
			};
			name = Release;
		};
		CC7319942C9C0469009158EC /* Debug */ = {
			isa = XCBuildConfiguration;
			buildSettings = {
				ASSETCATALOG_COMPILER_APPICON_NAME = AppIcon;
				ASSETCATALOG_COMPILER_GLOBAL_ACCENT_COLOR_NAME = AccentColor;
				CODE_SIGN_STYLE = Automatic;
				CURRENT_PROJECT_VERSION = 1;
				DEVELOPMENT_ASSET_PATHS = "\"MovieBox/Preview Content\"";
				DEVELOPMENT_TEAM = YWNQ4RZBTS;
				ENABLE_PREVIEWS = YES;
				GENERATE_INFOPLIST_FILE = YES;
				INFOPLIST_FILE = MovieBox/Info.plist;
				INFOPLIST_KEY_CFBundleDisplayName = "무비박스";
				INFOPLIST_KEY_LSApplicationCategoryType = "public.app-category.entertainment";
				INFOPLIST_KEY_UIApplicationSceneManifest_Generation = YES;
				INFOPLIST_KEY_UIApplicationSupportsIndirectInputEvents = YES;
				INFOPLIST_KEY_UILaunchScreen_Generation = YES;
				INFOPLIST_KEY_UILaunchStoryboardName = "Launch Screen.storyboard";
				INFOPLIST_KEY_UISupportedInterfaceOrientations = UIInterfaceOrientationPortrait;
				INFOPLIST_KEY_UISupportedInterfaceOrientations_iPad = UIInterfaceOrientationPortrait;
				INFOPLIST_KEY_UIUserInterfaceStyle = Dark;
				IPHONEOS_DEPLOYMENT_TARGET = 16.0;
				LD_RUNPATH_SEARCH_PATHS = (
					"$(inherited)",
					"@executable_path/Frameworks",
				);
				MARKETING_VERSION = 1.0;
				PRODUCT_BUNDLE_IDENTIFIER = com.jinyoo.sesac.MovieBox;
				PRODUCT_NAME = "$(TARGET_NAME)";
				SUPPORTED_PLATFORMS = "iphoneos iphonesimulator";
				SUPPORTS_MACCATALYST = NO;
				SUPPORTS_MAC_DESIGNED_FOR_IPHONE_IPAD = NO;
				SUPPORTS_XR_DESIGNED_FOR_IPHONE_IPAD = NO;
				SWIFT_EMIT_LOC_STRINGS = YES;
				SWIFT_VERSION = 5.0;
				TARGETED_DEVICE_FAMILY = 1;
			};
			name = Debug;
		};
		CC7319952C9C0469009158EC /* Release */ = {
			isa = XCBuildConfiguration;
			buildSettings = {
				ASSETCATALOG_COMPILER_APPICON_NAME = AppIcon;
				ASSETCATALOG_COMPILER_GLOBAL_ACCENT_COLOR_NAME = AccentColor;
				CODE_SIGN_STYLE = Automatic;
				CURRENT_PROJECT_VERSION = 1;
				DEVELOPMENT_ASSET_PATHS = "\"MovieBox/Preview Content\"";
				DEVELOPMENT_TEAM = YWNQ4RZBTS;
				ENABLE_PREVIEWS = YES;
				GENERATE_INFOPLIST_FILE = YES;
				INFOPLIST_FILE = MovieBox/Info.plist;
				INFOPLIST_KEY_CFBundleDisplayName = "무비박스";
				INFOPLIST_KEY_LSApplicationCategoryType = "public.app-category.entertainment";
				INFOPLIST_KEY_UIApplicationSceneManifest_Generation = YES;
				INFOPLIST_KEY_UIApplicationSupportsIndirectInputEvents = YES;
				INFOPLIST_KEY_UILaunchScreen_Generation = YES;
				INFOPLIST_KEY_UILaunchStoryboardName = "Launch Screen.storyboard";
				INFOPLIST_KEY_UISupportedInterfaceOrientations = UIInterfaceOrientationPortrait;
				INFOPLIST_KEY_UISupportedInterfaceOrientations_iPad = UIInterfaceOrientationPortrait;
				INFOPLIST_KEY_UIUserInterfaceStyle = Dark;
				IPHONEOS_DEPLOYMENT_TARGET = 16.0;
				LD_RUNPATH_SEARCH_PATHS = (
					"$(inherited)",
					"@executable_path/Frameworks",
				);
				MARKETING_VERSION = 1.0;
				PRODUCT_BUNDLE_IDENTIFIER = com.jinyoo.sesac.MovieBox;
				PRODUCT_NAME = "$(TARGET_NAME)";
				SUPPORTED_PLATFORMS = "iphoneos iphonesimulator";
				SUPPORTS_MACCATALYST = NO;
				SUPPORTS_MAC_DESIGNED_FOR_IPHONE_IPAD = NO;
				SUPPORTS_XR_DESIGNED_FOR_IPHONE_IPAD = NO;
				SWIFT_EMIT_LOC_STRINGS = YES;
				SWIFT_VERSION = 5.0;
				TARGETED_DEVICE_FAMILY = 1;
			};
			name = Release;
		};
/* End XCBuildConfiguration section */

/* Begin XCConfigurationList section */
		CC7319802C9C0468009158EC /* Build configuration list for PBXProject "MovieBox" */ = {
			isa = XCConfigurationList;
			buildConfigurations = (
				CC7319912C9C0469009158EC /* Debug */,
				CC7319922C9C0469009158EC /* Release */,
			);
			defaultConfigurationIsVisible = 0;
			defaultConfigurationName = Release;
		};
		CC7319932C9C0469009158EC /* Build configuration list for PBXNativeTarget "MovieBox" */ = {
			isa = XCConfigurationList;
			buildConfigurations = (
				CC7319942C9C0469009158EC /* Debug */,
				CC7319952C9C0469009158EC /* Release */,
			);
			defaultConfigurationIsVisible = 0;
			defaultConfigurationName = Release;
		};
/* End XCConfigurationList section */

/* Begin XCRemoteSwiftPackageReference section */
		CC7319982C9C0611009158EC /* XCRemoteSwiftPackageReference "realm-swift" */ = {
			isa = XCRemoteSwiftPackageReference;
			repositoryURL = "https://github.com/realm/realm-swift.git";
			requirement = {
				kind = exactVersion;
				version = 20.0.0;
			};
		};
		CC73199B2C9C07FB009158EC /* XCRemoteSwiftPackageReference "ShuffleIt" */ = {
			isa = XCRemoteSwiftPackageReference;
			repositoryURL = "https://github.com/dscyrescotti/ShuffleIt.git";
			requirement = {
				kind = exactVersion;
				version = 2.1.3;
			};
		};
		CC73199E2C9C0843009158EC /* XCRemoteSwiftPackageReference "Moya" */ = {
			isa = XCRemoteSwiftPackageReference;
			repositoryURL = "https://github.com/Moya/Moya.git";
			requirement = {
				kind = upToNextMajorVersion;
				minimumVersion = 15.0.3;
			};
		};
		CC7319A12C9C08CB009158EC /* XCRemoteSwiftPackageReference "Nuke" */ = {
			isa = XCRemoteSwiftPackageReference;
			repositoryURL = "https://github.com/kean/Nuke.git";
			requirement = {
				kind = upToNextMajorVersion;
				minimumVersion = 12.8.0;
			};
		};
		CC7319A42C9C09C7009158EC /* XCRemoteSwiftPackageReference "SkeletonUI" */ = {
			isa = XCRemoteSwiftPackageReference;
			repositoryURL = "https://github.com/CSolanaM/SkeletonUI.git";
			requirement = {
				kind = upToNextMajorVersion;
				minimumVersion = 2.0.2;
			};
		};
		CC7319A72C9C09DA009158EC /* XCRemoteSwiftPackageReference "YouTubePlayerKit" */ = {
			isa = XCRemoteSwiftPackageReference;
			repositoryURL = "https://github.com/SvenTiigi/YouTubePlayerKit.git";
			requirement = {
				kind = upToNextMajorVersion;
				minimumVersion = 1.9.0;
			};
		};
		CC7319AE2C9C0B94009158EC /* XCRemoteSwiftPackageReference "Swinject" */ = {
			isa = XCRemoteSwiftPackageReference;
			repositoryURL = "https://github.com/Swinject/Swinject.git";
			requirement = {
				kind = upToNextMajorVersion;
				minimumVersion = 2.9.1;
			};
		};
		CC92218E2CA67E8000C74F95 /* XCRemoteSwiftPackageReference "Cosmos" */ = {
			isa = XCRemoteSwiftPackageReference;
			repositoryURL = "https://github.com/evgenyneu/Cosmos.git";
			requirement = {
				kind = upToNextMajorVersion;
				minimumVersion = 25.0.1;
			};
		};
/* End XCRemoteSwiftPackageReference section */

/* Begin XCSwiftPackageProductDependency section */
		CC7319992C9C0611009158EC /* RealmSwift */ = {
			isa = XCSwiftPackageProductDependency;
			package = CC7319982C9C0611009158EC /* XCRemoteSwiftPackageReference "realm-swift" */;
			productName = RealmSwift;
		};
		CC73199C2C9C07FB009158EC /* ShuffleIt */ = {
			isa = XCSwiftPackageProductDependency;
			package = CC73199B2C9C07FB009158EC /* XCRemoteSwiftPackageReference "ShuffleIt" */;
			productName = ShuffleIt;
		};
		CC73199F2C9C0843009158EC /* Moya */ = {
			isa = XCSwiftPackageProductDependency;
			package = CC73199E2C9C0843009158EC /* XCRemoteSwiftPackageReference "Moya" */;
			productName = Moya;
		};
		CC7319A22C9C08CB009158EC /* NukeUI */ = {
			isa = XCSwiftPackageProductDependency;
			package = CC7319A12C9C08CB009158EC /* XCRemoteSwiftPackageReference "Nuke" */;
			productName = NukeUI;
		};
		CC7319A52C9C09C7009158EC /* SkeletonUI */ = {
			isa = XCSwiftPackageProductDependency;
			package = CC7319A42C9C09C7009158EC /* XCRemoteSwiftPackageReference "SkeletonUI" */;
			productName = SkeletonUI;
		};
		CC7319A82C9C09DA009158EC /* YouTubePlayerKit */ = {
			isa = XCSwiftPackageProductDependency;
			package = CC7319A72C9C09DA009158EC /* XCRemoteSwiftPackageReference "YouTubePlayerKit" */;
			productName = YouTubePlayerKit;
		};
		CC7319AF2C9C0B94009158EC /* Swinject */ = {
			isa = XCSwiftPackageProductDependency;
			package = CC7319AE2C9C0B94009158EC /* XCRemoteSwiftPackageReference "Swinject" */;
			productName = Swinject;
		};
		CC92218F2CA67E8000C74F95 /* Cosmos */ = {
			isa = XCSwiftPackageProductDependency;
			package = CC92218E2CA67E8000C74F95 /* XCRemoteSwiftPackageReference "Cosmos" */;
			productName = Cosmos;
		};
/* End XCSwiftPackageProductDependency section */
	};
	rootObject = CC73197D2C9C0468009158EC /* Project object */;
}
